// !$*UTF8*$!
{
	archiveVersion = 1;
	classes = {
	};
	objectVersion = 51;
	objects = {

/* Begin PBXBuildFile section */
		5F2E4062D38C4977BE44CC29 /* Pods_FlashFood.framework in Frameworks */ = {isa = PBXBuildFile; fileRef = 18088DD0AAF9BAA118198419 /* Pods_FlashFood.framework */; };
		7532E8E82710955200D7BA6A /* Network Service Template.swift in Sources */ = {isa = PBXBuildFile; fileRef = 7532E8E72710955200D7BA6A /* Network Service Template.swift */; };
		753F0A0827176073001367FA /* README.md in Resources */ = {isa = PBXBuildFile; fileRef = 753F0A0727176073001367FA /* README.md */; };
		7562FEFD26E511D400F6B02B /* DishListableViewCell.swift in Sources */ = {isa = PBXBuildFile; fileRef = 7562FEFB26E511D400F6B02B /* DishListableViewCell.swift */; };
		7562FEFE26E511D400F6B02B /* DishListableViewCell.xib in Resources */ = {isa = PBXBuildFile; fileRef = 7562FEFC26E511D400F6B02B /* DishListableViewCell.xib */; };
		7562FF0126E5143E00F6B02B /* ListDishesViewController.swift in Sources */ = {isa = PBXBuildFile; fileRef = 7562FF0026E5143E00F6B02B /* ListDishesViewController.swift */; };
		7562FF0426E519EE00F6B02B /* ListOrdersViewController.swift in Sources */ = {isa = PBXBuildFile; fileRef = 7562FF0326E519EE00F6B02B /* ListOrdersViewController.swift */; };
		7562FF0626E51B1300F6B02B /* Order.swift in Sources */ = {isa = PBXBuildFile; fileRef = 7562FF0526E51B1300F6B02B /* Order.swift */; };
		7562FF0926E5260E00F6B02B /* NetworkService.swift in Sources */ = {isa = PBXBuildFile; fileRef = 7562FF0826E5260E00F6B02B /* NetworkService.swift */; };
		7562FF0B26E526F300F6B02B /* Route.swift in Sources */ = {isa = PBXBuildFile; fileRef = 7562FF0A26E526F300F6B02B /* Route.swift */; };
		7562FF0D26E5A7F800F6B02B /* Method.swift in Sources */ = {isa = PBXBuildFile; fileRef = 7562FF0C26E5A7F800F6B02B /* Method.swift */; };
		7562FF0F26E6583800F6B02B /* AppError.swift in Sources */ = {isa = PBXBuildFile; fileRef = 7562FF0E26E6583800F6B02B /* AppError.swift */; };
		7562FF1126E6989A00F6B02B /* ApiResponse.swift in Sources */ = {isa = PBXBuildFile; fileRef = 7562FF1026E6989A00F6B02B /* ApiResponse.swift */; };
		7562FF1326E6B09400F6B02B /* AllDishes.swift in Sources */ = {isa = PBXBuildFile; fileRef = 7562FF1226E6B09400F6B02B /* AllDishes.swift */; };
		7570985526E19E2F00ED7844 /* AppDelegate.swift in Sources */ = {isa = PBXBuildFile; fileRef = 7570985426E19E2F00ED7844 /* AppDelegate.swift */; };
		7570985726E19E2F00ED7844 /* SceneDelegate.swift in Sources */ = {isa = PBXBuildFile; fileRef = 7570985626E19E2F00ED7844 /* SceneDelegate.swift */; };
		7570985C26E19E2F00ED7844 /* Main.storyboard in Resources */ = {isa = PBXBuildFile; fileRef = 7570985A26E19E2F00ED7844 /* Main.storyboard */; };
		7570985E26E19E3500ED7844 /* Assets.xcassets in Resources */ = {isa = PBXBuildFile; fileRef = 7570985D26E19E3500ED7844 /* Assets.xcassets */; };
		7570986126E19E3500ED7844 /* LaunchScreen.storyboard in Resources */ = {isa = PBXBuildFile; fileRef = 7570985F26E19E3500ED7844 /* LaunchScreen.storyboard */; };
		7570986D26E1A15A00ED7844 /* OnBoardingViewController.swift in Sources */ = {isa = PBXBuildFile; fileRef = 7570986C26E1A15A00ED7844 /* OnBoardingViewController.swift */; };
		7570987026E1A33900ED7844 /* UIView+Extension.swift in Sources */ = {isa = PBXBuildFile; fileRef = 7570986F26E1A33900ED7844 /* UIView+Extension.swift */; };
		7570987226E1A3B100ED7844 /* OnBoardingSlide.swift in Sources */ = {isa = PBXBuildFile; fileRef = 7570987126E1A3B100ED7844 /* OnBoardingSlide.swift */; };
		7570987426E1A5E100ED7844 /* OnBoardingCollectionViewCell.swift in Sources */ = {isa = PBXBuildFile; fileRef = 7570987326E1A5E100ED7844 /* OnBoardingCollectionViewCell.swift */; };
		759FD17726E25F6D00729E88 /* HomeViewController.swift in Sources */ = {isa = PBXBuildFile; fileRef = 759FD17626E25F6D00729E88 /* HomeViewController.swift */; };
		759FD17C26E26A8100729E88 /* CategoryCollectionViewCell.swift in Sources */ = {isa = PBXBuildFile; fileRef = 759FD17A26E26A8100729E88 /* CategoryCollectionViewCell.swift */; };
		759FD17D26E26A8100729E88 /* CategoryCollectionViewCell.xib in Resources */ = {isa = PBXBuildFile; fileRef = 759FD17B26E26A8100729E88 /* CategoryCollectionViewCell.xib */; };
		759FD17F26E26D3600729E88 /* DishCategory.swift in Sources */ = {isa = PBXBuildFile; fileRef = 759FD17E26E26D3600729E88 /* DishCategory.swift */; };
		759FD18126E26F7400729E88 /* String+Extension.swift in Sources */ = {isa = PBXBuildFile; fileRef = 759FD18026E26F7400729E88 /* String+Extension.swift */; };
		759FD18426E279BC00729E88 /* CardView.swift in Sources */ = {isa = PBXBuildFile; fileRef = 759FD18326E279BC00729E88 /* CardView.swift */; };
		759FD18E26E27FDD00729E88 /* DishPortraitCollectionViewCell.swift in Sources */ = {isa = PBXBuildFile; fileRef = 759FD18C26E27FDD00729E88 /* DishPortraitCollectionViewCell.swift */; };
		759FD18F26E27FDD00729E88 /* DishPortraitCollectionViewCell.xib in Resources */ = {isa = PBXBuildFile; fileRef = 759FD18D26E27FDD00729E88 /* DishPortraitCollectionViewCell.xib */; };
		759FD19126E285D400729E88 /* Dish.swift in Sources */ = {isa = PBXBuildFile; fileRef = 759FD19026E285D400729E88 /* Dish.swift */; };
		759FD19526E2BF9200729E88 /* DishLandScapeCollectionViewCell.swift in Sources */ = {isa = PBXBuildFile; fileRef = 759FD19326E2BF9200729E88 /* DishLandScapeCollectionViewCell.swift */; };
		759FD19626E2BF9200729E88 /* DishLandScapeCollectionViewCell.xib in Resources */ = {isa = PBXBuildFile; fileRef = 759FD19426E2BF9200729E88 /* DishLandScapeCollectionViewCell.xib */; };
		75A5015F26E3F90700DFB635 /* DishDetailViewController.swift in Sources */ = {isa = PBXBuildFile; fileRef = 75A5015E26E3F90700DFB635 /* DishDetailViewController.swift */; };
		75A5016126E403F600DFB635 /* UIViewController+Extension.swift in Sources */ = {isa = PBXBuildFile; fileRef = 75A5016026E403F600DFB635 /* UIViewController+Extension.swift */; };
/* End PBXBuildFile section */

/* Begin PBXFileReference section */
		18088DD0AAF9BAA118198419 /* Pods_FlashFood.framework */ = {isa = PBXFileReference; explicitFileType = wrapper.framework; includeInIndex = 0; path = Pods_FlashFood.framework; sourceTree = BUILT_PRODUCTS_DIR; };
		43D970B9AC75809829FA3D66 /* Pods-FlashFood.release.xcconfig */ = {isa = PBXFileReference; includeInIndex = 1; lastKnownFileType = text.xcconfig; name = "Pods-FlashFood.release.xcconfig"; path = "Target Support Files/Pods-FlashFood/Pods-FlashFood.release.xcconfig"; sourceTree = "<group>"; };
		7532E8E72710955200D7BA6A /* Network Service Template.swift */ = {isa = PBXFileReference; lastKnownFileType = sourcecode.swift; path = "Network Service Template.swift"; sourceTree = "<group>"; };
		753F0A0727176073001367FA /* README.md */ = {isa = PBXFileReference; lastKnownFileType = net.daringfireball.markdown; path = README.md; sourceTree = "<group>"; };
		7562FEFB26E511D400F6B02B /* DishListableViewCell.swift */ = {isa = PBXFileReference; lastKnownFileType = sourcecode.swift; path = DishListableViewCell.swift; sourceTree = "<group>"; };
		7562FEFC26E511D400F6B02B /* DishListableViewCell.xib */ = {isa = PBXFileReference; lastKnownFileType = file.xib; path = DishListableViewCell.xib; sourceTree = "<group>"; };
		7562FF0026E5143E00F6B02B /* ListDishesViewController.swift */ = {isa = PBXFileReference; lastKnownFileType = sourcecode.swift; path = ListDishesViewController.swift; sourceTree = "<group>"; };
		7562FF0326E519EE00F6B02B /* ListOrdersViewController.swift */ = {isa = PBXFileReference; lastKnownFileType = sourcecode.swift; path = ListOrdersViewController.swift; sourceTree = "<group>"; };
		7562FF0526E51B1300F6B02B /* Order.swift */ = {isa = PBXFileReference; lastKnownFileType = sourcecode.swift; path = Order.swift; sourceTree = "<group>"; };
		7562FF0826E5260E00F6B02B /* NetworkService.swift */ = {isa = PBXFileReference; lastKnownFileType = sourcecode.swift; path = NetworkService.swift; sourceTree = "<group>"; };
		7562FF0A26E526F300F6B02B /* Route.swift */ = {isa = PBXFileReference; lastKnownFileType = sourcecode.swift; path = Route.swift; sourceTree = "<group>"; };
		7562FF0C26E5A7F800F6B02B /* Method.swift */ = {isa = PBXFileReference; lastKnownFileType = sourcecode.swift; path = Method.swift; sourceTree = "<group>"; };
		7562FF0E26E6583800F6B02B /* AppError.swift */ = {isa = PBXFileReference; lastKnownFileType = sourcecode.swift; path = AppError.swift; sourceTree = "<group>"; };
		7562FF1026E6989A00F6B02B /* ApiResponse.swift */ = {isa = PBXFileReference; lastKnownFileType = sourcecode.swift; path = ApiResponse.swift; sourceTree = "<group>"; };
		7562FF1226E6B09400F6B02B /* AllDishes.swift */ = {isa = PBXFileReference; lastKnownFileType = sourcecode.swift; path = AllDishes.swift; sourceTree = "<group>"; };
		7570985126E19E2F00ED7844 /* FlashFood.app */ = {isa = PBXFileReference; explicitFileType = wrapper.application; includeInIndex = 0; path = FlashFood.app; sourceTree = BUILT_PRODUCTS_DIR; };
		7570985426E19E2F00ED7844 /* AppDelegate.swift */ = {isa = PBXFileReference; lastKnownFileType = sourcecode.swift; path = AppDelegate.swift; sourceTree = "<group>"; };
		7570985626E19E2F00ED7844 /* SceneDelegate.swift */ = {isa = PBXFileReference; lastKnownFileType = sourcecode.swift; path = SceneDelegate.swift; sourceTree = "<group>"; };
		7570985B26E19E2F00ED7844 /* Base */ = {isa = PBXFileReference; lastKnownFileType = file.storyboard; name = Base; path = Base.lproj/Main.storyboard; sourceTree = "<group>"; };
		7570985D26E19E3500ED7844 /* Assets.xcassets */ = {isa = PBXFileReference; lastKnownFileType = folder.assetcatalog; path = Assets.xcassets; sourceTree = "<group>"; };
		7570986026E19E3500ED7844 /* Base */ = {isa = PBXFileReference; lastKnownFileType = file.storyboard; name = Base; path = Base.lproj/LaunchScreen.storyboard; sourceTree = "<group>"; };
		7570986226E19E3500ED7844 /* Info.plist */ = {isa = PBXFileReference; lastKnownFileType = text.plist.xml; path = Info.plist; sourceTree = "<group>"; };
		7570986C26E1A15A00ED7844 /* OnBoardingViewController.swift */ = {isa = PBXFileReference; lastKnownFileType = sourcecode.swift; path = OnBoardingViewController.swift; sourceTree = "<group>"; };
		7570986F26E1A33900ED7844 /* UIView+Extension.swift */ = {isa = PBXFileReference; lastKnownFileType = sourcecode.swift; path = "UIView+Extension.swift"; sourceTree = "<group>"; };
		7570987126E1A3B100ED7844 /* OnBoardingSlide.swift */ = {isa = PBXFileReference; lastKnownFileType = sourcecode.swift; path = OnBoardingSlide.swift; sourceTree = "<group>"; };
		7570987326E1A5E100ED7844 /* OnBoardingCollectionViewCell.swift */ = {isa = PBXFileReference; lastKnownFileType = sourcecode.swift; path = OnBoardingCollectionViewCell.swift; sourceTree = "<group>"; };
		759FD17626E25F6D00729E88 /* HomeViewController.swift */ = {isa = PBXFileReference; lastKnownFileType = sourcecode.swift; path = HomeViewController.swift; sourceTree = "<group>"; };
		759FD17A26E26A8100729E88 /* CategoryCollectionViewCell.swift */ = {isa = PBXFileReference; lastKnownFileType = sourcecode.swift; path = CategoryCollectionViewCell.swift; sourceTree = "<group>"; };
		759FD17B26E26A8100729E88 /* CategoryCollectionViewCell.xib */ = {isa = PBXFileReference; lastKnownFileType = file.xib; path = CategoryCollectionViewCell.xib; sourceTree = "<group>"; };
		759FD17E26E26D3600729E88 /* DishCategory.swift */ = {isa = PBXFileReference; lastKnownFileType = sourcecode.swift; path = DishCategory.swift; sourceTree = "<group>"; };
		759FD18026E26F7400729E88 /* String+Extension.swift */ = {isa = PBXFileReference; lastKnownFileType = sourcecode.swift; path = "String+Extension.swift"; sourceTree = "<group>"; };
		759FD18326E279BC00729E88 /* CardView.swift */ = {isa = PBXFileReference; lastKnownFileType = sourcecode.swift; path = CardView.swift; sourceTree = "<group>"; };
		759FD18C26E27FDD00729E88 /* DishPortraitCollectionViewCell.swift */ = {isa = PBXFileReference; lastKnownFileType = sourcecode.swift; path = DishPortraitCollectionViewCell.swift; sourceTree = "<group>"; };
		759FD18D26E27FDD00729E88 /* DishPortraitCollectionViewCell.xib */ = {isa = PBXFileReference; lastKnownFileType = file.xib; path = DishPortraitCollectionViewCell.xib; sourceTree = "<group>"; };
		759FD19026E285D400729E88 /* Dish.swift */ = {isa = PBXFileReference; lastKnownFileType = sourcecode.swift; path = Dish.swift; sourceTree = "<group>"; };
		759FD19326E2BF9200729E88 /* DishLandScapeCollectionViewCell.swift */ = {isa = PBXFileReference; lastKnownFileType = sourcecode.swift; path = DishLandScapeCollectionViewCell.swift; sourceTree = "<group>"; };
		759FD19426E2BF9200729E88 /* DishLandScapeCollectionViewCell.xib */ = {isa = PBXFileReference; lastKnownFileType = file.xib; path = DishLandScapeCollectionViewCell.xib; sourceTree = "<group>"; };
		75A5015E26E3F90700DFB635 /* DishDetailViewController.swift */ = {isa = PBXFileReference; lastKnownFileType = sourcecode.swift; path = DishDetailViewController.swift; sourceTree = "<group>"; };
		75A5016026E403F600DFB635 /* UIViewController+Extension.swift */ = {isa = PBXFileReference; lastKnownFileType = sourcecode.swift; path = "UIViewController+Extension.swift"; sourceTree = "<group>"; };
		FAE5B2D1E4EAA6987172A4DA /* Pods-FlashFood.debug.xcconfig */ = {isa = PBXFileReference; includeInIndex = 1; lastKnownFileType = text.xcconfig; name = "Pods-FlashFood.debug.xcconfig"; path = "Target Support Files/Pods-FlashFood/Pods-FlashFood.debug.xcconfig"; sourceTree = "<group>"; };
/* End PBXFileReference section */

/* Begin PBXFrameworksBuildPhase section */
		7570984E26E19E2F00ED7844 /* Frameworks */ = {
			isa = PBXFrameworksBuildPhase;
			buildActionMask = 2147483647;
			files = (
				5F2E4062D38C4977BE44CC29 /* Pods_FlashFood.framework in Frameworks */,
			);
			runOnlyForDeploymentPostprocessing = 0;
		};
/* End PBXFrameworksBuildPhase section */

/* Begin PBXGroup section */
		5E0D8D3E4E965230170F8177 /* Pods */ = {
			isa = PBXGroup;
			children = (
				FAE5B2D1E4EAA6987172A4DA /* Pods-FlashFood.debug.xcconfig */,
				43D970B9AC75809829FA3D66 /* Pods-FlashFood.release.xcconfig */,
			);
			path = Pods;
			sourceTree = "<group>";
		};
		7562FEF326E50EF000F6B02B /* TableViewsCells */ = {
			isa = PBXGroup;
			children = (
				7562FEF426E50EFF00F6B02B /* DishListTableviewcells */,
			);
			path = TableViewsCells;
			sourceTree = "<group>";
		};
		7562FEF426E50EFF00F6B02B /* DishListTableviewcells */ = {
			isa = PBXGroup;
			children = (
				7562FEFB26E511D400F6B02B /* DishListableViewCell.swift */,
				7562FEFC26E511D400F6B02B /* DishListableViewCell.xib */,
			);
			path = DishListTableviewcells;
			sourceTree = "<group>";
		};
		7562FEFF26E5142900F6B02B /* ListDishes */ = {
			isa = PBXGroup;
			children = (
				7562FF0026E5143E00F6B02B /* ListDishesViewController.swift */,
			);
			path = ListDishes;
			sourceTree = "<group>";
		};
		7562FF0226E519D500F6B02B /* ListOrders */ = {
			isa = PBXGroup;
			children = (
				7562FF0326E519EE00F6B02B /* ListOrdersViewController.swift */,
			);
			path = ListOrders;
			sourceTree = "<group>";
		};
		7562FF0726E525FE00F6B02B /* Networking */ = {
			isa = PBXGroup;
			children = (
				7562FF0826E5260E00F6B02B /* NetworkService.swift */,
				7562FF0A26E526F300F6B02B /* Route.swift */,
				7562FF0C26E5A7F800F6B02B /* Method.swift */,
				7562FF0E26E6583800F6B02B /* AppError.swift */,
				7562FF1026E6989A00F6B02B /* ApiResponse.swift */,
				7532E8E72710955200D7BA6A /* Network Service Template.swift */,
			);
			path = Networking;
			sourceTree = "<group>";
		};
		7570984826E19E2F00ED7844 = {
			isa = PBXGroup;
			children = (
				753F0A0727176073001367FA /* README.md */,
				7570985326E19E2F00ED7844 /* FlashFood */,
				7570985226E19E2F00ED7844 /* Products */,
				5E0D8D3E4E965230170F8177 /* Pods */,
				A7E5B9360CFAA02C4046C999 /* Frameworks */,
			);
			sourceTree = "<group>";
		};
		7570985226E19E2F00ED7844 /* Products */ = {
			isa = PBXGroup;
			children = (
				7570985126E19E2F00ED7844 /* FlashFood.app */,
			);
			name = Products;
			sourceTree = "<group>";
		};
		7570985326E19E2F00ED7844 /* FlashFood */ = {
			isa = PBXGroup;
			children = (
				7570985626E19E2F00ED7844 /* SceneDelegate.swift */,
				7570985426E19E2F00ED7844 /* AppDelegate.swift */,
				7562FF0726E525FE00F6B02B /* Networking */,
				7570986E26E1A31200ED7844 /* Extensions */,
				7570986826E1A10B00ED7844 /* CustomViews */,
				7570986926E1A11600ED7844 /* Views */,
				7570986B26E1A12D00ED7844 /* Models */,
				7570985A26E19E2F00ED7844 /* Main.storyboard */,
				7570985D26E19E3500ED7844 /* Assets.xcassets */,
				7570985F26E19E3500ED7844 /* LaunchScreen.storyboard */,
				7570986226E19E3500ED7844 /* Info.plist */,
			);
			path = FlashFood;
			sourceTree = "<group>";
		};
		7570986826E1A10B00ED7844 /* CustomViews */ = {
			isa = PBXGroup;
			children = (
				7562FEF326E50EF000F6B02B /* TableViewsCells */,
				759FD18226E2773C00729E88 /* CardView */,
				759FD17826E26A4100729E88 /* CollectionViewcells */,
			);
			path = CustomViews;
			sourceTree = "<group>";
		};
		7570986926E1A11600ED7844 /* Views */ = {
			isa = PBXGroup;
			children = (
				7562FF0226E519D500F6B02B /* ListOrders */,
				7562FEFF26E5142900F6B02B /* ListDishes */,
				75A5015D26E3F8EC00DFB635 /* DIshDetail */,
				759FD17526E25F5100729E88 /* Home */,
				7570986A26E1A12500ED7844 /* Onboarding */,
			);
			path = Views;
			sourceTree = "<group>";
		};
		7570986A26E1A12500ED7844 /* Onboarding */ = {
			isa = PBXGroup;
			children = (
				7570986C26E1A15A00ED7844 /* OnBoardingViewController.swift */,
				7570987326E1A5E100ED7844 /* OnBoardingCollectionViewCell.swift */,
			);
			path = Onboarding;
			sourceTree = "<group>";
		};
		7570986B26E1A12D00ED7844 /* Models */ = {
			isa = PBXGroup;
			children = (
				7570987126E1A3B100ED7844 /* OnBoardingSlide.swift */,
				759FD17E26E26D3600729E88 /* DishCategory.swift */,
				759FD19026E285D400729E88 /* Dish.swift */,
				7562FF0526E51B1300F6B02B /* Order.swift */,
				7562FF1226E6B09400F6B02B /* AllDishes.swift */,
			);
			path = Models;
			sourceTree = "<group>";
		};
		7570986E26E1A31200ED7844 /* Extensions */ = {
			isa = PBXGroup;
			children = (
				7570986F26E1A33900ED7844 /* UIView+Extension.swift */,
				759FD18026E26F7400729E88 /* String+Extension.swift */,
				75A5016026E403F600DFB635 /* UIViewController+Extension.swift */,
			);
			path = Extensions;
			sourceTree = "<group>";
		};
		759FD17526E25F5100729E88 /* Home */ = {
			isa = PBXGroup;
			children = (
				759FD17626E25F6D00729E88 /* HomeViewController.swift */,
			);
			path = Home;
			sourceTree = "<group>";
		};
		759FD17826E26A4100729E88 /* CollectionViewcells */ = {
			isa = PBXGroup;
			children = (
				759FD19226E2BF2000729E88 /* DishLandscapeCollectionviewCell */,
				759FD18526E27EF800729E88 /* DishPortraitCollectionViewCell */,
				759FD17926E26A4E00729E88 /* CategoryCollectionViewCell */,
			);
			path = CollectionViewcells;
			sourceTree = "<group>";
		};
		759FD17926E26A4E00729E88 /* CategoryCollectionViewCell */ = {
			isa = PBXGroup;
			children = (
				759FD17A26E26A8100729E88 /* CategoryCollectionViewCell.swift */,
				759FD17B26E26A8100729E88 /* CategoryCollectionViewCell.xib */,
			);
			path = CategoryCollectionViewCell;
			sourceTree = "<group>";
		};
		759FD18226E2773C00729E88 /* CardView */ = {
			isa = PBXGroup;
			children = (
				759FD18326E279BC00729E88 /* CardView.swift */,
			);
			path = CardView;
			sourceTree = "<group>";
		};
		759FD18526E27EF800729E88 /* DishPortraitCollectionViewCell */ = {
			isa = PBXGroup;
			children = (
				759FD18C26E27FDD00729E88 /* DishPortraitCollectionViewCell.swift */,
				759FD18D26E27FDD00729E88 /* DishPortraitCollectionViewCell.xib */,
			);
			path = DishPortraitCollectionViewCell;
			sourceTree = "<group>";
		};
		759FD19226E2BF2000729E88 /* DishLandscapeCollectionviewCell */ = {
			isa = PBXGroup;
			children = (
				759FD19326E2BF9200729E88 /* DishLandScapeCollectionViewCell.swift */,
				759FD19426E2BF9200729E88 /* DishLandScapeCollectionViewCell.xib */,
			);
			path = DishLandscapeCollectionviewCell;
			sourceTree = "<group>";
		};
		75A5015D26E3F8EC00DFB635 /* DIshDetail */ = {
			isa = PBXGroup;
			children = (
				75A5015E26E3F90700DFB635 /* DishDetailViewController.swift */,
			);
			path = DIshDetail;
			sourceTree = "<group>";
		};
		A7E5B9360CFAA02C4046C999 /* Frameworks */ = {
			isa = PBXGroup;
			children = (
				18088DD0AAF9BAA118198419 /* Pods_FlashFood.framework */,
			);
			name = Frameworks;
			sourceTree = "<group>";
		};
/* End PBXGroup section */

/* Begin PBXNativeTarget section */
		7570985026E19E2F00ED7844 /* FlashFood */ = {
			isa = PBXNativeTarget;
			buildConfigurationList = 7570986526E19E3500ED7844 /* Build configuration list for PBXNativeTarget "FlashFood" */;
			buildPhases = (
				F06EF711812E16442A9BA112 /* [CP] Check Pods Manifest.lock */,
				7570984D26E19E2F00ED7844 /* Sources */,
				7570984E26E19E2F00ED7844 /* Frameworks */,
				7570984F26E19E2F00ED7844 /* Resources */,
				3C6B7B7630B477E47AF724FF /* [CP] Embed Pods Frameworks */,
			);
			buildRules = (
			);
			dependencies = (
			);
			name = FlashFood;
			productName = FlashFood;
			productReference = 7570985126E19E2F00ED7844 /* FlashFood.app */;
			productType = "com.apple.product-type.application";
		};
/* End PBXNativeTarget section */

/* Begin PBXProject section */
		7570984926E19E2F00ED7844 /* Project object */ = {
			isa = PBXProject;
			attributes = {
				LastSwiftUpdateCheck = 1250;
				LastUpgradeCheck = 1250;
				TargetAttributes = {
					7570985026E19E2F00ED7844 = {
						CreatedOnToolsVersion = 12.5.1;
					};
				};
			};
			buildConfigurationList = 7570984C26E19E2F00ED7844 /* Build configuration list for PBXProject "FlashFood" */;
			compatibilityVersion = "Xcode 9.3";
			developmentRegion = en;
			hasScannedForEncodings = 0;
			knownRegions = (
				en,
				Base,
			);
			mainGroup = 7570984826E19E2F00ED7844;
			productRefGroup = 7570985226E19E2F00ED7844 /* Products */;
			projectDirPath = "";
			projectRoot = "";
			targets = (
				7570985026E19E2F00ED7844 /* FlashFood */,
			);
		};
/* End PBXProject section */

/* Begin PBXResourcesBuildPhase section */
		7570984F26E19E2F00ED7844 /* Resources */ = {
			isa = PBXResourcesBuildPhase;
			buildActionMask = 2147483647;
			files = (
				7562FEFE26E511D400F6B02B /* DishListableViewCell.xib in Resources */,
				759FD17D26E26A8100729E88 /* CategoryCollectionViewCell.xib in Resources */,
				7570986126E19E3500ED7844 /* LaunchScreen.storyboard in Resources */,
				759FD19626E2BF9200729E88 /* DishLandScapeCollectionViewCell.xib in Resources */,
				759FD18F26E27FDD00729E88 /* DishPortraitCollectionViewCell.xib in Resources */,
				7570985E26E19E3500ED7844 /* Assets.xcassets in Resources */,
				753F0A0827176073001367FA /* README.md in Resources */,
				7570985C26E19E2F00ED7844 /* Main.storyboard in Resources */,
			);
			runOnlyForDeploymentPostprocessing = 0;
		};
/* End PBXResourcesBuildPhase section */

/* Begin PBXShellScriptBuildPhase section */
		3C6B7B7630B477E47AF724FF /* [CP] Embed Pods Frameworks */ = {
			isa = PBXShellScriptBuildPhase;
			buildActionMask = 2147483647;
			files = (
			);
			inputFileListPaths = (
				"${PODS_ROOT}/Target Support Files/Pods-FlashFood/Pods-FlashFood-frameworks-${CONFIGURATION}-input-files.xcfilelist",
			);
			name = "[CP] Embed Pods Frameworks";
			outputFileListPaths = (
				"${PODS_ROOT}/Target Support Files/Pods-FlashFood/Pods-FlashFood-frameworks-${CONFIGURATION}-output-files.xcfilelist",
			);
			runOnlyForDeploymentPostprocessing = 0;
			shellPath = /bin/sh;
			shellScript = "\"${PODS_ROOT}/Target Support Files/Pods-FlashFood/Pods-FlashFood-frameworks.sh\"\n";
			showEnvVarsInLog = 0;
		};
		F06EF711812E16442A9BA112 /* [CP] Check Pods Manifest.lock */ = {
			isa = PBXShellScriptBuildPhase;
			buildActionMask = 2147483647;
			files = (
			);
			inputFileListPaths = (
			);
			inputPaths = (
				"${PODS_PODFILE_DIR_PATH}/Podfile.lock",
				"${PODS_ROOT}/Manifest.lock",
			);
			name = "[CP] Check Pods Manifest.lock";
			outputFileListPaths = (
			);
			outputPaths = (
				"$(DERIVED_FILE_DIR)/Pods-FlashFood-checkManifestLockResult.txt",
			);
			runOnlyForDeploymentPostprocessing = 0;
			shellPath = /bin/sh;
			shellScript = "diff \"${PODS_PODFILE_DIR_PATH}/Podfile.lock\" \"${PODS_ROOT}/Manifest.lock\" > /dev/null\nif [ $? != 0 ] ; then\n    # print error to STDERR\n    echo \"error: The sandbox is not in sync with the Podfile.lock. Run 'pod install' or update your CocoaPods installation.\" >&2\n    exit 1\nfi\n# This output is used by Xcode 'outputs' to avoid re-running this script phase.\necho \"SUCCESS\" > \"${SCRIPT_OUTPUT_FILE_0}\"\n";
			showEnvVarsInLog = 0;
		};
/* End PBXShellScriptBuildPhase section */

/* Begin PBXSourcesBuildPhase section */
		7570984D26E19E2F00ED7844 /* Sources */ = {
			isa = PBXSourcesBuildPhase;
			buildActionMask = 2147483647;
			files = (
				75A5016126E403F600DFB635 /* UIViewController+Extension.swift in Sources */,
				7562FF0426E519EE00F6B02B /* ListOrdersViewController.swift in Sources */,
				7562FF0626E51B1300F6B02B /* Order.swift in Sources */,
				759FD17C26E26A8100729E88 /* CategoryCollectionViewCell.swift in Sources */,
				7570986D26E1A15A00ED7844 /* OnBoardingViewController.swift in Sources */,
				759FD17F26E26D3600729E88 /* DishCategory.swift in Sources */,
				7570985526E19E2F00ED7844 /* AppDelegate.swift in Sources */,
				7562FF1326E6B09400F6B02B /* AllDishes.swift in Sources */,
				7570987026E1A33900ED7844 /* UIView+Extension.swift in Sources */,
				7562FF0D26E5A7F800F6B02B /* Method.swift in Sources */,
				7570987426E1A5E100ED7844 /* OnBoardingCollectionViewCell.swift in Sources */,
				75A5015F26E3F90700DFB635 /* DishDetailViewController.swift in Sources */,
				7570985726E19E2F00ED7844 /* SceneDelegate.swift in Sources */,
				759FD17726E25F6D00729E88 /* HomeViewController.swift in Sources */,
				7562FF1126E6989A00F6B02B /* ApiResponse.swift in Sources */,
				7562FEFD26E511D400F6B02B /* DishListableViewCell.swift in Sources */,
				7562FF0B26E526F300F6B02B /* Route.swift in Sources */,
				7562FF0926E5260E00F6B02B /* NetworkService.swift in Sources */,
				759FD18126E26F7400729E88 /* String+Extension.swift in Sources */,
				759FD18426E279BC00729E88 /* CardView.swift in Sources */,
				7570987226E1A3B100ED7844 /* OnBoardingSlide.swift in Sources */,
				7562FF0126E5143E00F6B02B /* ListDishesViewController.swift in Sources */,
				7532E8E82710955200D7BA6A /* Network Service Template.swift in Sources */,
				7562FF0F26E6583800F6B02B /* AppError.swift in Sources */,
				759FD19126E285D400729E88 /* Dish.swift in Sources */,
				759FD19526E2BF9200729E88 /* DishLandScapeCollectionViewCell.swift in Sources */,
				759FD18E26E27FDD00729E88 /* DishPortraitCollectionViewCell.swift in Sources */,
			);
			runOnlyForDeploymentPostprocessing = 0;
		};
/* End PBXSourcesBuildPhase section */

/* Begin PBXVariantGroup section */
		7570985A26E19E2F00ED7844 /* Main.storyboard */ = {
			isa = PBXVariantGroup;
			children = (
				7570985B26E19E2F00ED7844 /* Base */,
			);
			name = Main.storyboard;
			sourceTree = "<group>";
		};
		7570985F26E19E3500ED7844 /* LaunchScreen.storyboard */ = {
			isa = PBXVariantGroup;
			children = (
				7570986026E19E3500ED7844 /* Base */,
			);
			name = LaunchScreen.storyboard;
			sourceTree = "<group>";
		};
/* End PBXVariantGroup section */

/* Begin XCBuildConfiguration section */
		7570986326E19E3500ED7844 /* Debug */ = {
			isa = XCBuildConfiguration;
			buildSettings = {
				ALWAYS_SEARCH_USER_PATHS = NO;
				CLANG_ANALYZER_NONNULL = YES;
				CLANG_ANALYZER_NUMBER_OBJECT_CONVERSION = YES_AGGRESSIVE;
				CLANG_CXX_LANGUAGE_STANDARD = "gnu++14";
				CLANG_CXX_LIBRARY = "libc++";
				CLANG_ENABLE_MODULES = YES;
				CLANG_ENABLE_OBJC_ARC = YES;
				CLANG_ENABLE_OBJC_WEAK = YES;
				CLANG_WARN_BLOCK_CAPTURE_AUTORELEASING = YES;
				CLANG_WARN_BOOL_CONVERSION = YES;
				CLANG_WARN_COMMA = YES;
				CLANG_WARN_CONSTANT_CONVERSION = YES;
				CLANG_WARN_DEPRECATED_OBJC_IMPLEMENTATIONS = YES;
				CLANG_WARN_DIRECT_OBJC_ISA_USAGE = YES_ERROR;
				CLANG_WARN_DOCUMENTATION_COMMENTS = YES;
				CLANG_WARN_EMPTY_BODY = YES;
				CLANG_WARN_ENUM_CONVERSION = YES;
				CLANG_WARN_INFINITE_RECURSION = YES;
				CLANG_WARN_INT_CONVERSION = YES;
				CLANG_WARN_NON_LITERAL_NULL_CONVERSION = YES;
				CLANG_WARN_OBJC_IMPLICIT_RETAIN_SELF = YES;
				CLANG_WARN_OBJC_LITERAL_CONVERSION = YES;
				CLANG_WARN_OBJC_ROOT_CLASS = YES_ERROR;
				CLANG_WARN_QUOTED_INCLUDE_IN_FRAMEWORK_HEADER = YES;
				CLANG_WARN_RANGE_LOOP_ANALYSIS = YES;
				CLANG_WARN_STRICT_PROTOTYPES = YES;
				CLANG_WARN_SUSPICIOUS_MOVE = YES;
				CLANG_WARN_UNGUARDED_AVAILABILITY = YES_AGGRESSIVE;
				CLANG_WARN_UNREACHABLE_CODE = YES;
				CLANG_WARN__DUPLICATE_METHOD_MATCH = YES;
				COPY_PHASE_STRIP = NO;
				DEBUG_INFORMATION_FORMAT = dwarf;
				ENABLE_STRICT_OBJC_MSGSEND = YES;
				ENABLE_TESTABILITY = YES;
				GCC_C_LANGUAGE_STANDARD = gnu11;
				GCC_DYNAMIC_NO_PIC = NO;
				GCC_NO_COMMON_BLOCKS = YES;
				GCC_OPTIMIZATION_LEVEL = 0;
				GCC_PREPROCESSOR_DEFINITIONS = (
					"DEBUG=1",
					"$(inherited)",
				);
				GCC_WARN_64_TO_32_BIT_CONVERSION = YES;
				GCC_WARN_ABOUT_RETURN_TYPE = YES_ERROR;
				GCC_WARN_UNDECLARED_SELECTOR = YES;
				GCC_WARN_UNINITIALIZED_AUTOS = YES_AGGRESSIVE;
				GCC_WARN_UNUSED_FUNCTION = YES;
				GCC_WARN_UNUSED_VARIABLE = YES;
				IPHONEOS_DEPLOYMENT_TARGET = 14.5;
				MTL_ENABLE_DEBUG_INFO = INCLUDE_SOURCE;
				MTL_FAST_MATH = YES;
				ONLY_ACTIVE_ARCH = YES;
				SDKROOT = iphoneos;
				SWIFT_ACTIVE_COMPILATION_CONDITIONS = DEBUG;
				SWIFT_OPTIMIZATION_LEVEL = "-Onone";
			};
			name = Debug;
		};
		7570986426E19E3500ED7844 /* Release */ = {
			isa = XCBuildConfiguration;
			buildSettings = {
				ALWAYS_SEARCH_USER_PATHS = NO;
				CLANG_ANALYZER_NONNULL = YES;
				CLANG_ANALYZER_NUMBER_OBJECT_CONVERSION = YES_AGGRESSIVE;
				CLANG_CXX_LANGUAGE_STANDARD = "gnu++14";
				CLANG_CXX_LIBRARY = "libc++";
				CLANG_ENABLE_MODULES = YES;
				CLANG_ENABLE_OBJC_ARC = YES;
				CLANG_ENABLE_OBJC_WEAK = YES;
				CLANG_WARN_BLOCK_CAPTURE_AUTORELEASING = YES;
				CLANG_WARN_BOOL_CONVERSION = YES;
				CLANG_WARN_COMMA = YES;
				CLANG_WARN_CONSTANT_CONVERSION = YES;
				CLANG_WARN_DEPRECATED_OBJC_IMPLEMENTATIONS = YES;
				CLANG_WARN_DIRECT_OBJC_ISA_USAGE = YES_ERROR;
				CLANG_WARN_DOCUMENTATION_COMMENTS = YES;
				CLANG_WARN_EMPTY_BODY = YES;
				CLANG_WARN_ENUM_CONVERSION = YES;
				CLANG_WARN_INFINITE_RECURSION = YES;
				CLANG_WARN_INT_CONVERSION = YES;
				CLANG_WARN_NON_LITERAL_NULL_CONVERSION = YES;
				CLANG_WARN_OBJC_IMPLICIT_RETAIN_SELF = YES;
				CLANG_WARN_OBJC_LITERAL_CONVERSION = YES;
				CLANG_WARN_OBJC_ROOT_CLASS = YES_ERROR;
				CLANG_WARN_QUOTED_INCLUDE_IN_FRAMEWORK_HEADER = YES;
				CLANG_WARN_RANGE_LOOP_ANALYSIS = YES;
				CLANG_WARN_STRICT_PROTOTYPES = YES;
				CLANG_WARN_SUSPICIOUS_MOVE = YES;
				CLANG_WARN_UNGUARDED_AVAILABILITY = YES_AGGRESSIVE;
				CLANG_WARN_UNREACHABLE_CODE = YES;
				CLANG_WARN__DUPLICATE_METHOD_MATCH = YES;
				COPY_PHASE_STRIP = NO;
				DEBUG_INFORMATION_FORMAT = "dwarf-with-dsym";
				ENABLE_NS_ASSERTIONS = NO;
				ENABLE_STRICT_OBJC_MSGSEND = YES;
				GCC_C_LANGUAGE_STANDARD = gnu11;
				GCC_NO_COMMON_BLOCKS = YES;
				GCC_WARN_64_TO_32_BIT_CONVERSION = YES;
				GCC_WARN_ABOUT_RETURN_TYPE = YES_ERROR;
				GCC_WARN_UNDECLARED_SELECTOR = YES;
				GCC_WARN_UNINITIALIZED_AUTOS = YES_AGGRESSIVE;
				GCC_WARN_UNUSED_FUNCTION = YES;
				GCC_WARN_UNUSED_VARIABLE = YES;
				IPHONEOS_DEPLOYMENT_TARGET = 14.5;
				MTL_ENABLE_DEBUG_INFO = NO;
				MTL_FAST_MATH = YES;
				SDKROOT = iphoneos;
				SWIFT_COMPILATION_MODE = wholemodule;
				SWIFT_OPTIMIZATION_LEVEL = "-O";
				VALIDATE_PRODUCT = YES;
			};
			name = Release;
		};
		7570986626E19E3500ED7844 /* Debug */ = {
			isa = XCBuildConfiguration;
			baseConfigurationReference = FAE5B2D1E4EAA6987172A4DA /* Pods-FlashFood.debug.xcconfig */;
			buildSettings = {
				ASSETCATALOG_COMPILER_APPICON_NAME = AppIcon;
				ASSETCATALOG_COMPILER_GLOBAL_ACCENT_COLOR_NAME = AccentColor;
				CODE_SIGN_STYLE = Automatic;
				DEVELOPMENT_TEAM = RRZGSUA2TG;
				INFOPLIST_FILE = FlashFood/Info.plist;
				LD_RUNPATH_SEARCH_PATHS = (
					"$(inherited)",
					"@executable_path/Frameworks",
				);
				PRODUCT_BUNDLE_IDENTIFIER = com.darcio.FlashFood;
				PRODUCT_NAME = "$(TARGET_NAME)";
				SWIFT_VERSION = 5.0;
				TARGETED_DEVICE_FAMILY = "1,2";
			};
			name = Debug;
		};
		7570986726E19E3500ED7844 /* Release */ = {
			isa = XCBuildConfiguration;
			baseConfigurationReference = 43D970B9AC75809829FA3D66 /* Pods-FlashFood.release.xcconfig */;
			buildSettings = {
				ASSETCATALOG_COMPILER_APPICON_NAME = AppIcon;
				ASSETCATALOG_COMPILER_GLOBAL_ACCENT_COLOR_NAME = AccentColor;
				CODE_SIGN_STYLE = Automatic;
				DEVELOPMENT_TEAM = RRZGSUA2TG;
				INFOPLIST_FILE = FlashFood/Info.plist;
				LD_RUNPATH_SEARCH_PATHS = (
					"$(inherited)",
					"@executable_path/Frameworks",
				);
				PRODUCT_BUNDLE_IDENTIFIER = com.darcio.FlashFood;
				PRODUCT_NAME = "$(TARGET_NAME)";
				SWIFT_VERSION = 5.0;
				TARGETED_DEVICE_FAMILY = "1,2";
			};
			name = Release;
		};
/* End XCBuildConfiguration section */

/* Begin XCConfigurationList section */
		7570984C26E19E2F00ED7844 /* Build configuration list for PBXProject "FlashFood" */ = {
			isa = XCConfigurationList;
			buildConfigurations = (
				7570986326E19E3500ED7844 /* Debug */,
				7570986426E19E3500ED7844 /* Release */,
			);
			defaultConfigurationIsVisible = 0;
			defaultConfigurationName = Release;
		};
		7570986526E19E3500ED7844 /* Build configuration list for PBXNativeTarget "FlashFood" */ = {
			isa = XCConfigurationList;
			buildConfigurations = (
				7570986626E19E3500ED7844 /* Debug */,
				7570986726E19E3500ED7844 /* Release */,
			);
			defaultConfigurationIsVisible = 0;
			defaultConfigurationName = Release;
		};
/* End XCConfigurationList section */
	};
	rootObject = 7570984926E19E2F00ED7844 /* Project object */;
}
